
Microsoft Visual Studio Solution File, Format Version 12.00
# Visual Studio Version 16
VisualStudioVersion = 16.0.30907.101
MinimumVisualStudioVersion = 10.0.40219.1
Project("{FAE04EC0-301F-11D3-BF4B-00C04F79EFBC}") = "SongCapture", "SongCapture\SongCapture.csproj", "{1FDC964F-5A6A-4FF8-9AAA-4258B45C7334}"
EndProject
Global
	GlobalSection(SolutionConfigurationPlatforms) = preSolution
		Debug|Any CPU = Debug|Any CPU
		Release|Any CPU = Release|Any CPU
	EndGlobalSection
	GlobalSection(ProjectConfigurationPlatforms) = postSolution
		{1FDC964F-5A6A-4FF8-9AAA-4258B45C7334}.Debug|Any CPU.ActiveCfg = Debug|Any CPU
		{1FDC964F-5A6A-4FF8-9AAA-4258B45C7334}.Debug|Any CPU.Build.0 = Debug|Any CPU
		{1FDC964F-5A6A-4FF8-9AAA-4258B45C7334}.Release|Any CPU.ActiveCfg = Release|Any CPU
		{1FDC964F-5A6A-4FF8-9AAA-4258B45C7334}.Release|Any CPU.Build.0 = Release|Any CPU
	EndGlobalSection
	GlobalSection(SolutionProperties) = preSolution
		HideSolutionNode = FALSE
	EndGlobalSection
	GlobalSection(ExtensibilityGlobals) = postSolution
		SolutionGuid = {7580EB62-5BF7-4AF3-A933-F845105C19E8}
	EndGlobalSection
EndGlobal
